{
  "originHash" : "217f3d9d33be37c7ff3799c444bcfe6ecc55cea6f09ce6973e2856c86dd24e86",
  "pins" : [
    {
      "identity" : "ambientweathersocket",
      "kind" : "remoteSourceControl",
      "location" : "https://github.com/MikeManzo/AmbientWeatherSocket",
      "state" : {
        "branch" : "main",
        "revision" : "67b4750e362df20237c3595b36efb6a332893497"
      }
    },
    {
      "identity" : "sparkle",
      "kind" : "remoteSourceControl",
      "location" : "https://github.com/sparkle-project/Sparkle",
      "state" : {
        "revision" : "21d8df80440b1ca3b65fa82e40782f1e5a9e6ba2",
        "version" : "2.9.0"
      }
    },
    {
      "identity" : "starscream",
      "kind" : "remoteSourceControl",
      "location" : "https://github.com/daltoniam/Starscream.git",
      "state" : {
        "revision" : "c6bfd1af48efcc9a9ad203665db12375ba6b145a",
        "version" : "4.0.8"
      }
    }
  ],
  "version" : 3
}
